
Microsoft Visual Studio Solution File, Format Version 12.00
# Visual Studio Version 16
VisualStudioVersion = 16.0.31515.178
MinimumVisualStudioVersion = 10.0.40219.1
Project("{FAE04EC0-301F-11D3-BF4B-00C04F79EFBC}") = "ZipArchiveNormalizer", "ZipArchiveNormalizer\ZipArchiveNormalizer.csproj", "{07435AB7-A490-4814-8D67-B349344725F7}"
EndProject
Project("{FAE04EC0-301F-11D3-BF4B-00C04F79EFBC}") = "AutoImageTrimmer", "..\AutoImageTrimmer\AutoImageTrimmer\AutoImageTrimmer.csproj", "{C417CAFE-39E1-412A-AD7D-63E0A1E28EF0}"
EndProject
Project("{FAE04EC0-301F-11D3-BF4B-00C04F79EFBC}") = "Utility", "Utility\Utility.csproj", "{9D9AFAE8-0B42-4134-96CB-EEB614872D83}"
EndProject
Project("{FAE04EC0-301F-11D3-BF4B-00C04F79EFBC}") = "ImageFileRenumber", "ImageFileRenumber\ImageFileRenumber.csproj", "{14F12A9D-4FF2-4D38-BCC3-DA4E35E51C78}"
EndProject
Project("{FAE04EC0-301F-11D3-BF4B-00C04F79EFBC}") = "Experiment", "Experiment\Experiment.csproj", "{CE76880F-0F2D-4893-9ABB-1034FDF05B77}"
EndProject
Project("{FAE04EC0-301F-11D3-BF4B-00C04F79EFBC}") = "ZipUtility", "ZipUtility\ZipUtility.csproj", "{E040429B-C16F-4493-A6A0-DFB4801A23E2}"
EndProject
Project("{FAE04EC0-301F-11D3-BF4B-00C04F79EFBC}") = "ImageUtility", "ImageUtility\ImageUtility.csproj", "{7A5FD31B-1231-4E1D-8CAE-A2A69EF03C9E}"
EndProject
Project("{FAE04EC0-301F-11D3-BF4B-00C04F79EFBC}") = "Test.Utility", "Test.Utility\Test.Utility.csproj", "{B3A8CC9D-37DE-4790-8267-194A7ACF440C}"
EndProject
Project("{FAE04EC0-301F-11D3-BF4B-00C04F79EFBC}") = "Support.CharacteristicZipFilesCollecter", "Support.CharacteristicZipFilesCollecter\Support.CharacteristicZipFilesCollecter.csproj", "{3F7CAC0E-F45A-4786-9D24-F0295EEC0622}"
EndProject
Project("{FAE04EC0-301F-11D3-BF4B-00C04F79EFBC}") = "ZipUtility.Compression", "ZipUtility.Compression\ZipUtility.Compression.csproj", "{76B2AB24-3370-49C8-9DE4-225AB14A429E}"
EndProject
Project("{FAE04EC0-301F-11D3-BF4B-00C04F79EFBC}") = "ZipUtility.Compression.BZIP2", "ZipUtility.Compression.BZIP2\ZipUtility.Compression.BZIP2.csproj", "{15110153-FAAB-4514-A55D-06928F1927BF}"
EndProject
Project("{FAE04EC0-301F-11D3-BF4B-00C04F79EFBC}") = "ZipUtility.Compression.Lzma", "ZipUtility.Compression.Lzma\ZipUtility.Compression.Lzma.csproj", "{E1EA8EFC-C510-4D89-8406-943F3F52E9FD}"
EndProject
Project("{FAE04EC0-301F-11D3-BF4B-00C04F79EFBC}") = "ZipUtility.Compression.Deflate", "ZipUtility.Compression.Deflate\ZipUtility.Compression.Deflate.csproj", "{248BE4C5-7754-426D-A8D7-B7D31886CC0F}"
EndProject
Project("{FAE04EC0-301F-11D3-BF4B-00C04F79EFBC}") = "Utility.IO", "Utility.IO\Utility.IO.csproj", "{1B07B24E-48AF-4A55-8B16-9936B2946372}"
EndProject
Project("{FAE04EC0-301F-11D3-BF4B-00C04F79EFBC}") = "ZipArchiveTester", "ZipArchiveTester\ZipArchiveTester.csproj", "{6E32A706-6B0F-4A15-A282-05DF3A1687FC}"
EndProject
Project("{8BC9CEB8-8B4A-11D0-8D11-00A0C91BC942}") = "SevenZip", "SevenZip\SevenZip.vcxproj", "{BDEB9B31-619D-4C90-B282-54B04E5E7B20}"
EndProject
Project("{FAE04EC0-301F-11D3-BF4B-00C04F79EFBC}") = "SevenZip.Lzma", "SevenZip.Lzma\SevenZip.Lzma.csproj", "{CC472154-944B-4E90-AF9B-DC06BCB629BC}"
EndProject
Global
	GlobalSection(SolutionConfigurationPlatforms) = preSolution
		Debug|Any CPU = Debug|Any CPU
		Debug|x64 = Debug|x64
		Debug|x86 = Debug|x86
		Release|Any CPU = Release|Any CPU
		Release|x64 = Release|x64
		Release|x86 = Release|x86
	EndGlobalSection
	GlobalSection(ProjectConfigurationPlatforms) = postSolution
		{07435AB7-A490-4814-8D67-B349344725F7}.Debug|Any CPU.ActiveCfg = Debug|Any CPU
		{07435AB7-A490-4814-8D67-B349344725F7}.Debug|Any CPU.Build.0 = Debug|Any CPU
		{07435AB7-A490-4814-8D67-B349344725F7}.Debug|x64.ActiveCfg = Debug|Any CPU
		{07435AB7-A490-4814-8D67-B349344725F7}.Debug|x64.Build.0 = Debug|Any CPU
		{07435AB7-A490-4814-8D67-B349344725F7}.Debug|x86.ActiveCfg = Debug|Any CPU
		{07435AB7-A490-4814-8D67-B349344725F7}.Debug|x86.Build.0 = Debug|Any CPU
		{07435AB7-A490-4814-8D67-B349344725F7}.Release|Any CPU.ActiveCfg = Release|Any CPU
		{07435AB7-A490-4814-8D67-B349344725F7}.Release|Any CPU.Build.0 = Release|Any CPU
		{07435AB7-A490-4814-8D67-B349344725F7}.Release|x64.ActiveCfg = Release|Any CPU
		{07435AB7-A490-4814-8D67-B349344725F7}.Release|x64.Build.0 = Release|Any CPU
		{07435AB7-A490-4814-8D67-B349344725F7}.Release|x86.ActiveCfg = Release|Any CPU
		{07435AB7-A490-4814-8D67-B349344725F7}.Release|x86.Build.0 = Release|Any CPU
		{C417CAFE-39E1-412A-AD7D-63E0A1E28EF0}.Debug|Any CPU.ActiveCfg = Debug|Any CPU
		{C417CAFE-39E1-412A-AD7D-63E0A1E28EF0}.Debug|Any CPU.Build.0 = Debug|Any CPU
		{C417CAFE-39E1-412A-AD7D-63E0A1E28EF0}.Debug|x64.ActiveCfg = Debug|Any CPU
		{C417CAFE-39E1-412A-AD7D-63E0A1E28EF0}.Debug|x64.Build.0 = Debug|Any CPU
		{C417CAFE-39E1-412A-AD7D-63E0A1E28EF0}.Debug|x86.ActiveCfg = Debug|Any CPU
		{C417CAFE-39E1-412A-AD7D-63E0A1E28EF0}.Debug|x86.Build.0 = Debug|Any CPU
		{C417CAFE-39E1-412A-AD7D-63E0A1E28EF0}.Release|Any CPU.ActiveCfg = Release|Any CPU
		{C417CAFE-39E1-412A-AD7D-63E0A1E28EF0}.Release|Any CPU.Build.0 = Release|Any CPU
		{C417CAFE-39E1-412A-AD7D-63E0A1E28EF0}.Release|x64.ActiveCfg = Release|Any CPU
		{C417CAFE-39E1-412A-AD7D-63E0A1E28EF0}.Release|x64.Build.0 = Release|Any CPU
		{C417CAFE-39E1-412A-AD7D-63E0A1E28EF0}.Release|x86.ActiveCfg = Release|Any CPU
		{C417CAFE-39E1-412A-AD7D-63E0A1E28EF0}.Release|x86.Build.0 = Release|Any CPU
		{9D9AFAE8-0B42-4134-96CB-EEB614872D83}.Debug|Any CPU.ActiveCfg = Debug|Any CPU
		{9D9AFAE8-0B42-4134-96CB-EEB614872D83}.Debug|Any CPU.Build.0 = Debug|Any CPU
		{9D9AFAE8-0B42-4134-96CB-EEB614872D83}.Debug|x64.ActiveCfg = Debug|Any CPU
		{9D9AFAE8-0B42-4134-96CB-EEB614872D83}.Debug|x64.Build.0 = Debug|Any CPU
		{9D9AFAE8-0B42-4134-96CB-EEB614872D83}.Debug|x86.ActiveCfg = Debug|Any CPU
		{9D9AFAE8-0B42-4134-96CB-EEB614872D83}.Debug|x86.Build.0 = Debug|Any CPU
		{9D9AFAE8-0B42-4134-96CB-EEB614872D83}.Release|Any CPU.ActiveCfg = Release|Any CPU
		{9D9AFAE8-0B42-4134-96CB-EEB614872D83}.Release|Any CPU.Build.0 = Release|Any CPU
		{9D9AFAE8-0B42-4134-96CB-EEB614872D83}.Release|x64.ActiveCfg = Release|Any CPU
		{9D9AFAE8-0B42-4134-96CB-EEB614872D83}.Release|x64.Build.0 = Release|Any CPU
		{9D9AFAE8-0B42-4134-96CB-EEB614872D83}.Release|x86.ActiveCfg = Release|Any CPU
		{9D9AFAE8-0B42-4134-96CB-EEB614872D83}.Release|x86.Build.0 = Release|Any CPU
		{14F12A9D-4FF2-4D38-BCC3-DA4E35E51C78}.Debug|Any CPU.ActiveCfg = Debug|Any CPU
		{14F12A9D-4FF2-4D38-BCC3-DA4E35E51C78}.Debug|Any CPU.Build.0 = Debug|Any CPU
		{14F12A9D-4FF2-4D38-BCC3-DA4E35E51C78}.Debug|x64.ActiveCfg = Debug|Any CPU
		{14F12A9D-4FF2-4D38-BCC3-DA4E35E51C78}.Debug|x64.Build.0 = Debug|Any CPU
		{14F12A9D-4FF2-4D38-BCC3-DA4E35E51C78}.Debug|x86.ActiveCfg = Debug|Any CPU
		{14F12A9D-4FF2-4D38-BCC3-DA4E35E51C78}.Debug|x86.Build.0 = Debug|Any CPU
		{14F12A9D-4FF2-4D38-BCC3-DA4E35E51C78}.Release|Any CPU.ActiveCfg = Release|Any CPU
		{14F12A9D-4FF2-4D38-BCC3-DA4E35E51C78}.Release|Any CPU.Build.0 = Release|Any CPU
		{14F12A9D-4FF2-4D38-BCC3-DA4E35E51C78}.Release|x64.ActiveCfg = Release|Any CPU
		{14F12A9D-4FF2-4D38-BCC3-DA4E35E51C78}.Release|x64.Build.0 = Release|Any CPU
		{14F12A9D-4FF2-4D38-BCC3-DA4E35E51C78}.Release|x86.ActiveCfg = Release|Any CPU
		{14F12A9D-4FF2-4D38-BCC3-DA4E35E51C78}.Release|x86.Build.0 = Release|Any CPU
		{CE76880F-0F2D-4893-9ABB-1034FDF05B77}.Debug|Any CPU.ActiveCfg = Debug|Any CPU
		{CE76880F-0F2D-4893-9ABB-1034FDF05B77}.Debug|Any CPU.Build.0 = Debug|Any CPU
		{CE76880F-0F2D-4893-9ABB-1034FDF05B77}.Debug|x64.ActiveCfg = Debug|Any CPU
		{CE76880F-0F2D-4893-9ABB-1034FDF05B77}.Debug|x64.Build.0 = Debug|Any CPU
		{CE76880F-0F2D-4893-9ABB-1034FDF05B77}.Debug|x86.ActiveCfg = Debug|Any CPU
		{CE76880F-0F2D-4893-9ABB-1034FDF05B77}.Debug|x86.Build.0 = Debug|Any CPU
		{CE76880F-0F2D-4893-9ABB-1034FDF05B77}.Release|Any CPU.ActiveCfg = Release|Any CPU
		{CE76880F-0F2D-4893-9ABB-1034FDF05B77}.Release|Any CPU.Build.0 = Release|Any CPU
		{CE76880F-0F2D-4893-9ABB-1034FDF05B77}.Release|x64.ActiveCfg = Release|Any CPU
		{CE76880F-0F2D-4893-9ABB-1034FDF05B77}.Release|x64.Build.0 = Release|Any CPU
		{CE76880F-0F2D-4893-9ABB-1034FDF05B77}.Release|x86.ActiveCfg = Release|Any CPU
		{CE76880F-0F2D-4893-9ABB-1034FDF05B77}.Release|x86.Build.0 = Release|Any CPU
		{E040429B-C16F-4493-A6A0-DFB4801A23E2}.Debug|Any CPU.ActiveCfg = Debug|Any CPU
		{E040429B-C16F-4493-A6A0-DFB4801A23E2}.Debug|Any CPU.Build.0 = Debug|Any CPU
		{E040429B-C16F-4493-A6A0-DFB4801A23E2}.Debug|x64.ActiveCfg = Debug|Any CPU
		{E040429B-C16F-4493-A6A0-DFB4801A23E2}.Debug|x64.Build.0 = Debug|Any CPU
		{E040429B-C16F-4493-A6A0-DFB4801A23E2}.Debug|x86.ActiveCfg = Debug|Any CPU
		{E040429B-C16F-4493-A6A0-DFB4801A23E2}.Debug|x86.Build.0 = Debug|Any CPU
		{E040429B-C16F-4493-A6A0-DFB4801A23E2}.Release|Any CPU.ActiveCfg = Release|Any CPU
		{E040429B-C16F-4493-A6A0-DFB4801A23E2}.Release|Any CPU.Build.0 = Release|Any CPU
		{E040429B-C16F-4493-A6A0-DFB4801A23E2}.Release|x64.ActiveCfg = Release|Any CPU
		{E040429B-C16F-4493-A6A0-DFB4801A23E2}.Release|x64.Build.0 = Release|Any CPU
		{E040429B-C16F-4493-A6A0-DFB4801A23E2}.Release|x86.ActiveCfg = Release|Any CPU
		{E040429B-C16F-4493-A6A0-DFB4801A23E2}.Release|x86.Build.0 = Release|Any CPU
		{7A5FD31B-1231-4E1D-8CAE-A2A69EF03C9E}.Debug|Any CPU.ActiveCfg = Debug|Any CPU
		{7A5FD31B-1231-4E1D-8CAE-A2A69EF03C9E}.Debug|Any CPU.Build.0 = Debug|Any CPU
		{7A5FD31B-1231-4E1D-8CAE-A2A69EF03C9E}.Debug|x64.ActiveCfg = Debug|Any CPU
		{7A5FD31B-1231-4E1D-8CAE-A2A69EF03C9E}.Debug|x64.Build.0 = Debug|Any CPU
		{7A5FD31B-1231-4E1D-8CAE-A2A69EF03C9E}.Debug|x86.ActiveCfg = Debug|Any CPU
		{7A5FD31B-1231-4E1D-8CAE-A2A69EF03C9E}.Debug|x86.Build.0 = Debug|Any CPU
		{7A5FD31B-1231-4E1D-8CAE-A2A69EF03C9E}.Release|Any CPU.ActiveCfg = Release|Any CPU
		{7A5FD31B-1231-4E1D-8CAE-A2A69EF03C9E}.Release|Any CPU.Build.0 = Release|Any CPU
		{7A5FD31B-1231-4E1D-8CAE-A2A69EF03C9E}.Release|x64.ActiveCfg = Release|Any CPU
		{7A5FD31B-1231-4E1D-8CAE-A2A69EF03C9E}.Release|x64.Build.0 = Release|Any CPU
		{7A5FD31B-1231-4E1D-8CAE-A2A69EF03C9E}.Release|x86.ActiveCfg = Release|Any CPU
		{7A5FD31B-1231-4E1D-8CAE-A2A69EF03C9E}.Release|x86.Build.0 = Release|Any CPU
		{B3A8CC9D-37DE-4790-8267-194A7ACF440C}.Debug|Any CPU.ActiveCfg = Debug|Any CPU
		{B3A8CC9D-37DE-4790-8267-194A7ACF440C}.Debug|Any CPU.Build.0 = Debug|Any CPU
		{B3A8CC9D-37DE-4790-8267-194A7ACF440C}.Debug|x64.ActiveCfg = Debug|Any CPU
		{B3A8CC9D-37DE-4790-8267-194A7ACF440C}.Debug|x64.Build.0 = Debug|Any CPU
		{B3A8CC9D-37DE-4790-8267-194A7ACF440C}.Debug|x86.ActiveCfg = Debug|Any CPU
		{B3A8CC9D-37DE-4790-8267-194A7ACF440C}.Debug|x86.Build.0 = Debug|Any CPU
		{B3A8CC9D-37DE-4790-8267-194A7ACF440C}.Release|Any CPU.ActiveCfg = Release|Any CPU
		{B3A8CC9D-37DE-4790-8267-194A7ACF440C}.Release|Any CPU.Build.0 = Release|Any CPU
		{B3A8CC9D-37DE-4790-8267-194A7ACF440C}.Release|x64.ActiveCfg = Release|Any CPU
		{B3A8CC9D-37DE-4790-8267-194A7ACF440C}.Release|x64.Build.0 = Release|Any CPU
		{B3A8CC9D-37DE-4790-8267-194A7ACF440C}.Release|x86.ActiveCfg = Release|Any CPU
		{B3A8CC9D-37DE-4790-8267-194A7ACF440C}.Release|x86.Build.0 = Release|Any CPU
		{3F7CAC0E-F45A-4786-9D24-F0295EEC0622}.Debug|Any CPU.ActiveCfg = Debug|Any CPU
		{3F7CAC0E-F45A-4786-9D24-F0295EEC0622}.Debug|Any CPU.Build.0 = Debug|Any CPU
		{3F7CAC0E-F45A-4786-9D24-F0295EEC0622}.Debug|x64.ActiveCfg = Debug|Any CPU
		{3F7CAC0E-F45A-4786-9D24-F0295EEC0622}.Debug|x64.Build.0 = Debug|Any CPU
		{3F7CAC0E-F45A-4786-9D24-F0295EEC0622}.Debug|x86.ActiveCfg = Debug|Any CPU
		{3F7CAC0E-F45A-4786-9D24-F0295EEC0622}.Debug|x86.Build.0 = Debug|Any CPU
		{3F7CAC0E-F45A-4786-9D24-F0295EEC0622}.Release|Any CPU.ActiveCfg = Release|Any CPU
		{3F7CAC0E-F45A-4786-9D24-F0295EEC0622}.Release|Any CPU.Build.0 = Release|Any CPU
		{3F7CAC0E-F45A-4786-9D24-F0295EEC0622}.Release|x64.ActiveCfg = Release|Any CPU
		{3F7CAC0E-F45A-4786-9D24-F0295EEC0622}.Release|x64.Build.0 = Release|Any CPU
		{3F7CAC0E-F45A-4786-9D24-F0295EEC0622}.Release|x86.ActiveCfg = Release|Any CPU
		{3F7CAC0E-F45A-4786-9D24-F0295EEC0622}.Release|x86.Build.0 = Release|Any CPU
		{76B2AB24-3370-49C8-9DE4-225AB14A429E}.Debug|Any CPU.ActiveCfg = Debug|Any CPU
		{76B2AB24-3370-49C8-9DE4-225AB14A429E}.Debug|Any CPU.Build.0 = Debug|Any CPU
		{76B2AB24-3370-49C8-9DE4-225AB14A429E}.Debug|x64.ActiveCfg = Debug|Any CPU
		{76B2AB24-3370-49C8-9DE4-225AB14A429E}.Debug|x64.Build.0 = Debug|Any CPU
		{76B2AB24-3370-49C8-9DE4-225AB14A429E}.Debug|x86.ActiveCfg = Debug|Any CPU
		{76B2AB24-3370-49C8-9DE4-225AB14A429E}.Debug|x86.Build.0 = Debug|Any CPU
		{76B2AB24-3370-49C8-9DE4-225AB14A429E}.Release|Any CPU.ActiveCfg = Release|Any CPU
		{76B2AB24-3370-49C8-9DE4-225AB14A429E}.Release|Any CPU.Build.0 = Release|Any CPU
		{76B2AB24-3370-49C8-9DE4-225AB14A429E}.Release|x64.ActiveCfg = Release|Any CPU
		{76B2AB24-3370-49C8-9DE4-225AB14A429E}.Release|x64.Build.0 = Release|Any CPU
		{76B2AB24-3370-49C8-9DE4-225AB14A429E}.Release|x86.ActiveCfg = Release|Any CPU
		{76B2AB24-3370-49C8-9DE4-225AB14A429E}.Release|x86.Build.0 = Release|Any CPU
		{15110153-FAAB-4514-A55D-06928F1927BF}.Debug|Any CPU.ActiveCfg = Debug|Any CPU
		{15110153-FAAB-4514-A55D-06928F1927BF}.Debug|Any CPU.Build.0 = Debug|Any CPU
		{15110153-FAAB-4514-A55D-06928F1927BF}.Debug|x64.ActiveCfg = Debug|Any CPU
		{15110153-FAAB-4514-A55D-06928F1927BF}.Debug|x64.Build.0 = Debug|Any CPU
		{15110153-FAAB-4514-A55D-06928F1927BF}.Debug|x86.ActiveCfg = Debug|Any CPU
		{15110153-FAAB-4514-A55D-06928F1927BF}.Debug|x86.Build.0 = Debug|Any CPU
		{15110153-FAAB-4514-A55D-06928F1927BF}.Release|Any CPU.ActiveCfg = Release|Any CPU
		{15110153-FAAB-4514-A55D-06928F1927BF}.Release|Any CPU.Build.0 = Release|Any CPU
		{15110153-FAAB-4514-A55D-06928F1927BF}.Release|x64.ActiveCfg = Release|Any CPU
		{15110153-FAAB-4514-A55D-06928F1927BF}.Release|x64.Build.0 = Release|Any CPU
		{15110153-FAAB-4514-A55D-06928F1927BF}.Release|x86.ActiveCfg = Release|Any CPU
		{15110153-FAAB-4514-A55D-06928F1927BF}.Release|x86.Build.0 = Release|Any CPU
		{E1EA8EFC-C510-4D89-8406-943F3F52E9FD}.Debug|Any CPU.ActiveCfg = Debug|Any CPU
		{E1EA8EFC-C510-4D89-8406-943F3F52E9FD}.Debug|Any CPU.Build.0 = Debug|Any CPU
		{E1EA8EFC-C510-4D89-8406-943F3F52E9FD}.Debug|x64.ActiveCfg = Debug|Any CPU
		{E1EA8EFC-C510-4D89-8406-943F3F52E9FD}.Debug|x64.Build.0 = Debug|Any CPU
		{E1EA8EFC-C510-4D89-8406-943F3F52E9FD}.Debug|x86.ActiveCfg = Debug|Any CPU
		{E1EA8EFC-C510-4D89-8406-943F3F52E9FD}.Debug|x86.Build.0 = Debug|Any CPU
		{E1EA8EFC-C510-4D89-8406-943F3F52E9FD}.Release|Any CPU.ActiveCfg = Release|Any CPU
		{E1EA8EFC-C510-4D89-8406-943F3F52E9FD}.Release|Any CPU.Build.0 = Release|Any CPU
		{E1EA8EFC-C510-4D89-8406-943F3F52E9FD}.Release|x64.ActiveCfg = Release|Any CPU
		{E1EA8EFC-C510-4D89-8406-943F3F52E9FD}.Release|x64.Build.0 = Release|Any CPU
		{E1EA8EFC-C510-4D89-8406-943F3F52E9FD}.Release|x86.ActiveCfg = Release|Any CPU
		{E1EA8EFC-C510-4D89-8406-943F3F52E9FD}.Release|x86.Build.0 = Release|Any CPU
		{248BE4C5-7754-426D-A8D7-B7D31886CC0F}.Debug|Any CPU.ActiveCfg = Debug|Any CPU
		{248BE4C5-7754-426D-A8D7-B7D31886CC0F}.Debug|Any CPU.Build.0 = Debug|Any CPU
		{248BE4C5-7754-426D-A8D7-B7D31886CC0F}.Debug|x64.ActiveCfg = Debug|Any CPU
		{248BE4C5-7754-426D-A8D7-B7D31886CC0F}.Debug|x64.Build.0 = Debug|Any CPU
		{248BE4C5-7754-426D-A8D7-B7D31886CC0F}.Debug|x86.ActiveCfg = Debug|Any CPU
		{248BE4C5-7754-426D-A8D7-B7D31886CC0F}.Debug|x86.Build.0 = Debug|Any CPU
		{248BE4C5-7754-426D-A8D7-B7D31886CC0F}.Release|Any CPU.ActiveCfg = Release|Any CPU
		{248BE4C5-7754-426D-A8D7-B7D31886CC0F}.Release|Any CPU.Build.0 = Release|Any CPU
		{248BE4C5-7754-426D-A8D7-B7D31886CC0F}.Release|x64.ActiveCfg = Release|Any CPU
		{248BE4C5-7754-426D-A8D7-B7D31886CC0F}.Release|x64.Build.0 = Release|Any CPU
		{248BE4C5-7754-426D-A8D7-B7D31886CC0F}.Release|x86.ActiveCfg = Release|Any CPU
		{248BE4C5-7754-426D-A8D7-B7D31886CC0F}.Release|x86.Build.0 = Release|Any CPU
		{1B07B24E-48AF-4A55-8B16-9936B2946372}.Debug|Any CPU.ActiveCfg = Debug|Any CPU
		{1B07B24E-48AF-4A55-8B16-9936B2946372}.Debug|Any CPU.Build.0 = Debug|Any CPU
		{1B07B24E-48AF-4A55-8B16-9936B2946372}.Debug|x64.ActiveCfg = Debug|Any CPU
		{1B07B24E-48AF-4A55-8B16-9936B2946372}.Debug|x64.Build.0 = Debug|Any CPU
		{1B07B24E-48AF-4A55-8B16-9936B2946372}.Debug|x86.ActiveCfg = Debug|Any CPU
		{1B07B24E-48AF-4A55-8B16-9936B2946372}.Debug|x86.Build.0 = Debug|Any CPU
		{1B07B24E-48AF-4A55-8B16-9936B2946372}.Release|Any CPU.ActiveCfg = Release|Any CPU
		{1B07B24E-48AF-4A55-8B16-9936B2946372}.Release|Any CPU.Build.0 = Release|Any CPU
		{1B07B24E-48AF-4A55-8B16-9936B2946372}.Release|x64.ActiveCfg = Release|Any CPU
		{1B07B24E-48AF-4A55-8B16-9936B2946372}.Release|x64.Build.0 = Release|Any CPU
		{1B07B24E-48AF-4A55-8B16-9936B2946372}.Release|x86.ActiveCfg = Release|Any CPU
		{1B07B24E-48AF-4A55-8B16-9936B2946372}.Release|x86.Build.0 = Release|Any CPU
		{6E32A706-6B0F-4A15-A282-05DF3A1687FC}.Debug|Any CPU.ActiveCfg = Debug|Any CPU
		{6E32A706-6B0F-4A15-A282-05DF3A1687FC}.Debug|Any CPU.Build.0 = Debug|Any CPU
		{6E32A706-6B0F-4A15-A282-05DF3A1687FC}.Debug|x64.ActiveCfg = Debug|Any CPU
		{6E32A706-6B0F-4A15-A282-05DF3A1687FC}.Debug|x64.Build.0 = Debug|Any CPU
		{6E32A706-6B0F-4A15-A282-05DF3A1687FC}.Debug|x86.ActiveCfg = Debug|Any CPU
		{6E32A706-6B0F-4A15-A282-05DF3A1687FC}.Debug|x86.Build.0 = Debug|Any CPU
		{6E32A706-6B0F-4A15-A282-05DF3A1687FC}.Release|Any CPU.ActiveCfg = Release|Any CPU
		{6E32A706-6B0F-4A15-A282-05DF3A1687FC}.Release|Any CPU.Build.0 = Release|Any CPU
		{6E32A706-6B0F-4A15-A282-05DF3A1687FC}.Release|x64.ActiveCfg = Release|Any CPU
		{6E32A706-6B0F-4A15-A282-05DF3A1687FC}.Release|x64.Build.0 = Release|Any CPU
		{6E32A706-6B0F-4A15-A282-05DF3A1687FC}.Release|x86.ActiveCfg = Release|Any CPU
		{6E32A706-6B0F-4A15-A282-05DF3A1687FC}.Release|x86.Build.0 = Release|Any CPU
		{BDEB9B31-619D-4C90-B282-54B04E5E7B20}.Debug|Any CPU.ActiveCfg = Debug|Win32
		{BDEB9B31-619D-4C90-B282-54B04E5E7B20}.Debug|x64.ActiveCfg = Debug|x64
		{BDEB9B31-619D-4C90-B282-54B04E5E7B20}.Debug|x64.Build.0 = Debug|x64
		{BDEB9B31-619D-4C90-B282-54B04E5E7B20}.Debug|x86.ActiveCfg = Debug|Win32
		{BDEB9B31-619D-4C90-B282-54B04E5E7B20}.Debug|x86.Build.0 = Debug|Win32
		{BDEB9B31-619D-4C90-B282-54B04E5E7B20}.Release|Any CPU.ActiveCfg = Release|Win32
		{BDEB9B31-619D-4C90-B282-54B04E5E7B20}.Release|x64.ActiveCfg = Release|x64
		{BDEB9B31-619D-4C90-B282-54B04E5E7B20}.Release|x64.Build.0 = Release|x64
		{BDEB9B31-619D-4C90-B282-54B04E5E7B20}.Release|x86.ActiveCfg = Release|Win32
		{BDEB9B31-619D-4C90-B282-54B04E5E7B20}.Release|x86.Build.0 = Release|Win32
		{CC472154-944B-4E90-AF9B-DC06BCB629BC}.Debug|Any CPU.ActiveCfg = Debug|Any CPU
		{CC472154-944B-4E90-AF9B-DC06BCB629BC}.Debug|Any CPU.Build.0 = Debug|Any CPU
		{CC472154-944B-4E90-AF9B-DC06BCB629BC}.Debug|x64.ActiveCfg = Debug|Any CPU
		{CC472154-944B-4E90-AF9B-DC06BCB629BC}.Debug|x64.Build.0 = Debug|Any CPU
		{CC472154-944B-4E90-AF9B-DC06BCB629BC}.Debug|x86.ActiveCfg = Debug|Any CPU
		{CC472154-944B-4E90-AF9B-DC06BCB629BC}.Debug|x86.Build.0 = Debug|Any CPU
		{CC472154-944B-4E90-AF9B-DC06BCB629BC}.Release|Any CPU.ActiveCfg = Release|Any CPU
		{CC472154-944B-4E90-AF9B-DC06BCB629BC}.Release|Any CPU.Build.0 = Release|Any CPU
		{CC472154-944B-4E90-AF9B-DC06BCB629BC}.Release|x64.ActiveCfg = Release|Any CPU
		{CC472154-944B-4E90-AF9B-DC06BCB629BC}.Release|x64.Build.0 = Release|Any CPU
		{CC472154-944B-4E90-AF9B-DC06BCB629BC}.Release|x86.ActiveCfg = Release|Any CPU
		{CC472154-944B-4E90-AF9B-DC06BCB629BC}.Release|x86.Build.0 = Release|Any CPU
	EndGlobalSection
	GlobalSection(SolutionProperties) = preSolution
		HideSolutionNode = FALSE
	EndGlobalSection
	GlobalSection(ExtensibilityGlobals) = postSolution
		SolutionGuid = {0052ED69-2FDD-44A4-815D-5D1154C0CA25}
	EndGlobalSection
EndGlobal
