
Microsoft Visual Studio Solution File, Format Version 12.00
# Visual Studio Version 17
VisualStudioVersion = 17.0.31717.71
MinimumVisualStudioVersion = 10.0.40219.1
Project("{9A19103F-16F7-4668-BE54-9A1E7A4F7556}") = "Utility", "Utility\Utility.csproj", "{455D5702-2D88-46BE-976B-0633E5E603F6}"
EndProject
Project("{9A19103F-16F7-4668-BE54-9A1E7A4F7556}") = "Utility.IO", "Utility.IO\Utility.IO.csproj", "{6832294E-4227-42E2-826D-DB0CE967BB85}"
EndProject
Project("{9A19103F-16F7-4668-BE54-9A1E7A4F7556}") = "ZipUtility", "ZipUtility\ZipUtility.csproj", "{9FA1A48B-7B62-444F-987C-2910C50F32D7}"
EndProject
Project("{9A19103F-16F7-4668-BE54-9A1E7A4F7556}") = "ZipUtility.IO", "ZipUtility.IO\ZipUtility.IO.csproj", "{9549ECBA-DB6A-4370-82C1-208F07478C38}"
EndProject
Project("{9A19103F-16F7-4668-BE54-9A1E7A4F7556}") = "ZipUtility.IO.Compression", "ZipUtility.IO.Compression\ZipUtility.IO.Compression.csproj", "{9B8598DB-6A54-4F29-9AB1-E96D26D28901}"
EndProject
Project("{9A19103F-16F7-4668-BE54-9A1E7A4F7556}") = "ZipUtility.IO.Compression.BZIip2", "ZipUtility.IO.Compression.BZIP2\ZipUtility.IO.Compression.BZIip2.csproj", "{EA9E06DB-EA04-4C04-858D-8D1380017AC6}"
EndProject
Project("{9A19103F-16F7-4668-BE54-9A1E7A4F7556}") = "ZipUtility.IO.Compression.Deflate", "ZipUtility.IO.Compression.Deflate\ZipUtility.IO.Compression.Deflate.csproj", "{F3638991-4A0F-4DF3-A0CF-7076A19B8117}"
EndProject
Project("{9A19103F-16F7-4668-BE54-9A1E7A4F7556}") = "ZipUtility.IO.Compression.Lzma", "ZipUtility.IO.Compression.Lzma\ZipUtility.IO.Compression.Lzma.csproj", "{C8CEB940-9B98-4511-ACD1-634D8A84C34F}"
EndProject
Project("{9A19103F-16F7-4668-BE54-9A1E7A4F7556}") = "ImageUtility", "ImageUtility\ImageUtility.csproj", "{C9D3DE80-3C86-4FCD-B72F-587783A6A178}"
EndProject
Project("{9A19103F-16F7-4668-BE54-9A1E7A4F7556}") = "AutoImageTrimmer", "AutoImageTrimmer\AutoImageTrimmer.csproj", "{05095001-9874-48A1-B17C-534862132470}"
EndProject
Project("{9A19103F-16F7-4668-BE54-9A1E7A4F7556}") = "Experiment", "Experiment\Experiment.csproj", "{3CD125C5-2097-45A3-A4AB-D5CE8C74EE91}"
EndProject
Project("{9A19103F-16F7-4668-BE54-9A1E7A4F7556}") = "ImageFileRenumber", "ImageFileRenumber\ImageFileRenumber.csproj", "{9ADF5945-D314-4B34-8C9C-377736434DB5}"
EndProject
Project("{9A19103F-16F7-4668-BE54-9A1E7A4F7556}") = "Support.CharacteristicZipFilesCollecter", "Support.CharacteristicZipFilesCollecter\Support.CharacteristicZipFilesCollecter.csproj", "{9BEA3A72-6DEE-4717-9F90-D72874B06067}"
EndProject
Project("{9A19103F-16F7-4668-BE54-9A1E7A4F7556}") = "Test.Utility", "Test.Utility\Test.Utility.csproj", "{8AF6F79B-2679-4A06-B8E0-6F5291E7E878}"
EndProject
Project("{9A19103F-16F7-4668-BE54-9A1E7A4F7556}") = "Test.Utility.IO", "Test.Utility.IO\Test.Utility.IO.csproj", "{8A7F9105-D730-4A29-BEAD-F659ED0FB128}"
EndProject
Project("{9A19103F-16F7-4668-BE54-9A1E7A4F7556}") = "Test.ZipUtility", "Test.ZipUtility\Test.ZipUtility.csproj", "{5CFE496B-13F8-4CB8-8AFB-19DA73E3DE7C}"
EndProject
Project("{9A19103F-16F7-4668-BE54-9A1E7A4F7556}") = "Test.ZipUtility.IO.Compression", "Test.ZipUtility.IO.Compression\Test.ZipUtility.IO.Compression.csproj", "{7890C7E5-1F72-4D85-979B-95800D05092A}"
EndProject
Project("{9A19103F-16F7-4668-BE54-9A1E7A4F7556}") = "ZipArchiveNormalizer", "ZipArchiveNormalizer\ZipArchiveNormalizer.csproj", "{51370F8A-6F72-4E6B-A678-70401F3E8865}"
EndProject
Project("{9A19103F-16F7-4668-BE54-9A1E7A4F7556}") = "ZipUtility.IO.Compression.Deflate64", "ZipUtility.IO.Compression.Deflate64\ZipUtility.IO.Compression.Deflate64.csproj", "{33E61D16-9F71-4FFF-A708-E9696B489F80}"
EndProject
Project("{2150E333-8FDC-42A3-9474-1A3956D46DE8}") = "Solution Items", "Solution Items", "{2C026196-162A-4077-8E96-7444D9951A64}"
	ProjectSection(SolutionItems) = preProject
		.editorconfig = .editorconfig
	EndProjectSection
EndProject
Project("{9A19103F-16F7-4668-BE54-9A1E7A4F7556}") = "Utility.Numerics", "Utility.Numerics\Utility.Numerics.csproj", "{009A6E3F-EF18-4FE5-A91E-339A396FCD92}"
EndProject
Project("{9A19103F-16F7-4668-BE54-9A1E7A4F7556}") = "SevenZip.Compression", "SevenZip.Compression\SevenZip.Compression.csproj", "{EC52570F-8914-45F5-B813-312A202A6BD6}"
EndProject
Project("{9A19103F-16F7-4668-BE54-9A1E7A4F7556}") = "SevenZip.Compression.Deflate", "SevenZip.Compression.Deflate\SevenZip.Compression.Deflate.csproj", "{4448F981-8687-4C5C-AFD0-899DB2D4E757}"
EndProject
Project("{9A19103F-16F7-4668-BE54-9A1E7A4F7556}") = "SevenZip.Compression.Lzma", "SevenZip.Compression.Lzma\SevenZip.Compression.Lzma.csproj", "{89D18924-00D1-48F6-A4E2-385270274B8E}"
EndProject
Project("{9A19103F-16F7-4668-BE54-9A1E7A4F7556}") = "ZipUtility.IO.Compression.Ppmd", "ZipUtility.IO.Compression.Ppmd\ZipUtility.IO.Compression.Ppmd.csproj", "{949A520E-4457-4077-802F-59EEAB44EDEF}"
EndProject
Global
	GlobalSection(SolutionConfigurationPlatforms) = preSolution
		Debug|Any CPU = Debug|Any CPU
		Debug|x64 = Debug|x64
		Debug|x86 = Debug|x86
		Release|Any CPU = Release|Any CPU
		Release|x64 = Release|x64
		Release|x86 = Release|x86
	EndGlobalSection
	GlobalSection(ProjectConfigurationPlatforms) = postSolution
		{455D5702-2D88-46BE-976B-0633E5E603F6}.Debug|Any CPU.ActiveCfg = Debug|Any CPU
		{455D5702-2D88-46BE-976B-0633E5E603F6}.Debug|Any CPU.Build.0 = Debug|Any CPU
		{455D5702-2D88-46BE-976B-0633E5E603F6}.Debug|x64.ActiveCfg = Debug|Any CPU
		{455D5702-2D88-46BE-976B-0633E5E603F6}.Debug|x64.Build.0 = Debug|Any CPU
		{455D5702-2D88-46BE-976B-0633E5E603F6}.Debug|x86.ActiveCfg = Debug|Any CPU
		{455D5702-2D88-46BE-976B-0633E5E603F6}.Debug|x86.Build.0 = Debug|Any CPU
		{455D5702-2D88-46BE-976B-0633E5E603F6}.Release|Any CPU.ActiveCfg = Release|Any CPU
		{455D5702-2D88-46BE-976B-0633E5E603F6}.Release|Any CPU.Build.0 = Release|Any CPU
		{455D5702-2D88-46BE-976B-0633E5E603F6}.Release|x64.ActiveCfg = Release|Any CPU
		{455D5702-2D88-46BE-976B-0633E5E603F6}.Release|x64.Build.0 = Release|Any CPU
		{455D5702-2D88-46BE-976B-0633E5E603F6}.Release|x86.ActiveCfg = Release|Any CPU
		{455D5702-2D88-46BE-976B-0633E5E603F6}.Release|x86.Build.0 = Release|Any CPU
		{6832294E-4227-42E2-826D-DB0CE967BB85}.Debug|Any CPU.ActiveCfg = Debug|Any CPU
		{6832294E-4227-42E2-826D-DB0CE967BB85}.Debug|Any CPU.Build.0 = Debug|Any CPU
		{6832294E-4227-42E2-826D-DB0CE967BB85}.Debug|x64.ActiveCfg = Debug|Any CPU
		{6832294E-4227-42E2-826D-DB0CE967BB85}.Debug|x64.Build.0 = Debug|Any CPU
		{6832294E-4227-42E2-826D-DB0CE967BB85}.Debug|x86.ActiveCfg = Debug|Any CPU
		{6832294E-4227-42E2-826D-DB0CE967BB85}.Debug|x86.Build.0 = Debug|Any CPU
		{6832294E-4227-42E2-826D-DB0CE967BB85}.Release|Any CPU.ActiveCfg = Release|Any CPU
		{6832294E-4227-42E2-826D-DB0CE967BB85}.Release|Any CPU.Build.0 = Release|Any CPU
		{6832294E-4227-42E2-826D-DB0CE967BB85}.Release|x64.ActiveCfg = Release|Any CPU
		{6832294E-4227-42E2-826D-DB0CE967BB85}.Release|x64.Build.0 = Release|Any CPU
		{6832294E-4227-42E2-826D-DB0CE967BB85}.Release|x86.ActiveCfg = Release|Any CPU
		{6832294E-4227-42E2-826D-DB0CE967BB85}.Release|x86.Build.0 = Release|Any CPU
		{9FA1A48B-7B62-444F-987C-2910C50F32D7}.Debug|Any CPU.ActiveCfg = Debug|Any CPU
		{9FA1A48B-7B62-444F-987C-2910C50F32D7}.Debug|Any CPU.Build.0 = Debug|Any CPU
		{9FA1A48B-7B62-444F-987C-2910C50F32D7}.Debug|x64.ActiveCfg = Debug|Any CPU
		{9FA1A48B-7B62-444F-987C-2910C50F32D7}.Debug|x64.Build.0 = Debug|Any CPU
		{9FA1A48B-7B62-444F-987C-2910C50F32D7}.Debug|x86.ActiveCfg = Debug|Any CPU
		{9FA1A48B-7B62-444F-987C-2910C50F32D7}.Debug|x86.Build.0 = Debug|Any CPU
		{9FA1A48B-7B62-444F-987C-2910C50F32D7}.Release|Any CPU.ActiveCfg = Release|Any CPU
		{9FA1A48B-7B62-444F-987C-2910C50F32D7}.Release|Any CPU.Build.0 = Release|Any CPU
		{9FA1A48B-7B62-444F-987C-2910C50F32D7}.Release|x64.ActiveCfg = Release|Any CPU
		{9FA1A48B-7B62-444F-987C-2910C50F32D7}.Release|x64.Build.0 = Release|Any CPU
		{9FA1A48B-7B62-444F-987C-2910C50F32D7}.Release|x86.ActiveCfg = Release|Any CPU
		{9FA1A48B-7B62-444F-987C-2910C50F32D7}.Release|x86.Build.0 = Release|Any CPU
		{9549ECBA-DB6A-4370-82C1-208F07478C38}.Debug|Any CPU.ActiveCfg = Debug|Any CPU
		{9549ECBA-DB6A-4370-82C1-208F07478C38}.Debug|Any CPU.Build.0 = Debug|Any CPU
		{9549ECBA-DB6A-4370-82C1-208F07478C38}.Debug|x64.ActiveCfg = Debug|Any CPU
		{9549ECBA-DB6A-4370-82C1-208F07478C38}.Debug|x64.Build.0 = Debug|Any CPU
		{9549ECBA-DB6A-4370-82C1-208F07478C38}.Debug|x86.ActiveCfg = Debug|Any CPU
		{9549ECBA-DB6A-4370-82C1-208F07478C38}.Debug|x86.Build.0 = Debug|Any CPU
		{9549ECBA-DB6A-4370-82C1-208F07478C38}.Release|Any CPU.ActiveCfg = Release|Any CPU
		{9549ECBA-DB6A-4370-82C1-208F07478C38}.Release|Any CPU.Build.0 = Release|Any CPU
		{9549ECBA-DB6A-4370-82C1-208F07478C38}.Release|x64.ActiveCfg = Release|Any CPU
		{9549ECBA-DB6A-4370-82C1-208F07478C38}.Release|x64.Build.0 = Release|Any CPU
		{9549ECBA-DB6A-4370-82C1-208F07478C38}.Release|x86.ActiveCfg = Release|Any CPU
		{9549ECBA-DB6A-4370-82C1-208F07478C38}.Release|x86.Build.0 = Release|Any CPU
		{9B8598DB-6A54-4F29-9AB1-E96D26D28901}.Debug|Any CPU.ActiveCfg = Debug|Any CPU
		{9B8598DB-6A54-4F29-9AB1-E96D26D28901}.Debug|Any CPU.Build.0 = Debug|Any CPU
		{9B8598DB-6A54-4F29-9AB1-E96D26D28901}.Debug|x64.ActiveCfg = Debug|Any CPU
		{9B8598DB-6A54-4F29-9AB1-E96D26D28901}.Debug|x64.Build.0 = Debug|Any CPU
		{9B8598DB-6A54-4F29-9AB1-E96D26D28901}.Debug|x86.ActiveCfg = Debug|Any CPU
		{9B8598DB-6A54-4F29-9AB1-E96D26D28901}.Debug|x86.Build.0 = Debug|Any CPU
		{9B8598DB-6A54-4F29-9AB1-E96D26D28901}.Release|Any CPU.ActiveCfg = Release|Any CPU
		{9B8598DB-6A54-4F29-9AB1-E96D26D28901}.Release|Any CPU.Build.0 = Release|Any CPU
		{9B8598DB-6A54-4F29-9AB1-E96D26D28901}.Release|x64.ActiveCfg = Release|Any CPU
		{9B8598DB-6A54-4F29-9AB1-E96D26D28901}.Release|x64.Build.0 = Release|Any CPU
		{9B8598DB-6A54-4F29-9AB1-E96D26D28901}.Release|x86.ActiveCfg = Release|Any CPU
		{9B8598DB-6A54-4F29-9AB1-E96D26D28901}.Release|x86.Build.0 = Release|Any CPU
		{EA9E06DB-EA04-4C04-858D-8D1380017AC6}.Debug|Any CPU.ActiveCfg = Debug|Any CPU
		{EA9E06DB-EA04-4C04-858D-8D1380017AC6}.Debug|Any CPU.Build.0 = Debug|Any CPU
		{EA9E06DB-EA04-4C04-858D-8D1380017AC6}.Debug|x64.ActiveCfg = Debug|Any CPU
		{EA9E06DB-EA04-4C04-858D-8D1380017AC6}.Debug|x64.Build.0 = Debug|Any CPU
		{EA9E06DB-EA04-4C04-858D-8D1380017AC6}.Debug|x86.ActiveCfg = Debug|Any CPU
		{EA9E06DB-EA04-4C04-858D-8D1380017AC6}.Debug|x86.Build.0 = Debug|Any CPU
		{EA9E06DB-EA04-4C04-858D-8D1380017AC6}.Release|Any CPU.ActiveCfg = Release|Any CPU
		{EA9E06DB-EA04-4C04-858D-8D1380017AC6}.Release|Any CPU.Build.0 = Release|Any CPU
		{EA9E06DB-EA04-4C04-858D-8D1380017AC6}.Release|x64.ActiveCfg = Release|Any CPU
		{EA9E06DB-EA04-4C04-858D-8D1380017AC6}.Release|x64.Build.0 = Release|Any CPU
		{EA9E06DB-EA04-4C04-858D-8D1380017AC6}.Release|x86.ActiveCfg = Release|Any CPU
		{EA9E06DB-EA04-4C04-858D-8D1380017AC6}.Release|x86.Build.0 = Release|Any CPU
		{F3638991-4A0F-4DF3-A0CF-7076A19B8117}.Debug|Any CPU.ActiveCfg = Debug|Any CPU
		{F3638991-4A0F-4DF3-A0CF-7076A19B8117}.Debug|Any CPU.Build.0 = Debug|Any CPU
		{F3638991-4A0F-4DF3-A0CF-7076A19B8117}.Debug|x64.ActiveCfg = Debug|Any CPU
		{F3638991-4A0F-4DF3-A0CF-7076A19B8117}.Debug|x64.Build.0 = Debug|Any CPU
		{F3638991-4A0F-4DF3-A0CF-7076A19B8117}.Debug|x86.ActiveCfg = Debug|Any CPU
		{F3638991-4A0F-4DF3-A0CF-7076A19B8117}.Debug|x86.Build.0 = Debug|Any CPU
		{F3638991-4A0F-4DF3-A0CF-7076A19B8117}.Release|Any CPU.ActiveCfg = Release|Any CPU
		{F3638991-4A0F-4DF3-A0CF-7076A19B8117}.Release|Any CPU.Build.0 = Release|Any CPU
		{F3638991-4A0F-4DF3-A0CF-7076A19B8117}.Release|x64.ActiveCfg = Release|Any CPU
		{F3638991-4A0F-4DF3-A0CF-7076A19B8117}.Release|x64.Build.0 = Release|Any CPU
		{F3638991-4A0F-4DF3-A0CF-7076A19B8117}.Release|x86.ActiveCfg = Release|Any CPU
		{F3638991-4A0F-4DF3-A0CF-7076A19B8117}.Release|x86.Build.0 = Release|Any CPU
		{C8CEB940-9B98-4511-ACD1-634D8A84C34F}.Debug|Any CPU.ActiveCfg = Debug|Any CPU
		{C8CEB940-9B98-4511-ACD1-634D8A84C34F}.Debug|Any CPU.Build.0 = Debug|Any CPU
		{C8CEB940-9B98-4511-ACD1-634D8A84C34F}.Debug|x64.ActiveCfg = Debug|Any CPU
		{C8CEB940-9B98-4511-ACD1-634D8A84C34F}.Debug|x64.Build.0 = Debug|Any CPU
		{C8CEB940-9B98-4511-ACD1-634D8A84C34F}.Debug|x86.ActiveCfg = Debug|Any CPU
		{C8CEB940-9B98-4511-ACD1-634D8A84C34F}.Debug|x86.Build.0 = Debug|Any CPU
		{C8CEB940-9B98-4511-ACD1-634D8A84C34F}.Release|Any CPU.ActiveCfg = Release|Any CPU
		{C8CEB940-9B98-4511-ACD1-634D8A84C34F}.Release|Any CPU.Build.0 = Release|Any CPU
		{C8CEB940-9B98-4511-ACD1-634D8A84C34F}.Release|x64.ActiveCfg = Release|Any CPU
		{C8CEB940-9B98-4511-ACD1-634D8A84C34F}.Release|x64.Build.0 = Release|Any CPU
		{C8CEB940-9B98-4511-ACD1-634D8A84C34F}.Release|x86.ActiveCfg = Release|Any CPU
		{C8CEB940-9B98-4511-ACD1-634D8A84C34F}.Release|x86.Build.0 = Release|Any CPU
		{C9D3DE80-3C86-4FCD-B72F-587783A6A178}.Debug|Any CPU.ActiveCfg = Debug|Any CPU
		{C9D3DE80-3C86-4FCD-B72F-587783A6A178}.Debug|Any CPU.Build.0 = Debug|Any CPU
		{C9D3DE80-3C86-4FCD-B72F-587783A6A178}.Debug|x64.ActiveCfg = Debug|Any CPU
		{C9D3DE80-3C86-4FCD-B72F-587783A6A178}.Debug|x64.Build.0 = Debug|Any CPU
		{C9D3DE80-3C86-4FCD-B72F-587783A6A178}.Debug|x86.ActiveCfg = Debug|Any CPU
		{C9D3DE80-3C86-4FCD-B72F-587783A6A178}.Debug|x86.Build.0 = Debug|Any CPU
		{C9D3DE80-3C86-4FCD-B72F-587783A6A178}.Release|Any CPU.ActiveCfg = Release|Any CPU
		{C9D3DE80-3C86-4FCD-B72F-587783A6A178}.Release|Any CPU.Build.0 = Release|Any CPU
		{C9D3DE80-3C86-4FCD-B72F-587783A6A178}.Release|x64.ActiveCfg = Release|Any CPU
		{C9D3DE80-3C86-4FCD-B72F-587783A6A178}.Release|x64.Build.0 = Release|Any CPU
		{C9D3DE80-3C86-4FCD-B72F-587783A6A178}.Release|x86.ActiveCfg = Release|Any CPU
		{C9D3DE80-3C86-4FCD-B72F-587783A6A178}.Release|x86.Build.0 = Release|Any CPU
		{05095001-9874-48A1-B17C-534862132470}.Debug|Any CPU.ActiveCfg = Debug|Any CPU
		{05095001-9874-48A1-B17C-534862132470}.Debug|Any CPU.Build.0 = Debug|Any CPU
		{05095001-9874-48A1-B17C-534862132470}.Debug|x64.ActiveCfg = Debug|Any CPU
		{05095001-9874-48A1-B17C-534862132470}.Debug|x64.Build.0 = Debug|Any CPU
		{05095001-9874-48A1-B17C-534862132470}.Debug|x86.ActiveCfg = Debug|Any CPU
		{05095001-9874-48A1-B17C-534862132470}.Debug|x86.Build.0 = Debug|Any CPU
		{05095001-9874-48A1-B17C-534862132470}.Release|Any CPU.ActiveCfg = Release|Any CPU
		{05095001-9874-48A1-B17C-534862132470}.Release|Any CPU.Build.0 = Release|Any CPU
		{05095001-9874-48A1-B17C-534862132470}.Release|x64.ActiveCfg = Release|Any CPU
		{05095001-9874-48A1-B17C-534862132470}.Release|x64.Build.0 = Release|Any CPU
		{05095001-9874-48A1-B17C-534862132470}.Release|x86.ActiveCfg = Release|Any CPU
		{05095001-9874-48A1-B17C-534862132470}.Release|x86.Build.0 = Release|Any CPU
		{3CD125C5-2097-45A3-A4AB-D5CE8C74EE91}.Debug|Any CPU.ActiveCfg = Debug|Any CPU
		{3CD125C5-2097-45A3-A4AB-D5CE8C74EE91}.Debug|Any CPU.Build.0 = Debug|Any CPU
		{3CD125C5-2097-45A3-A4AB-D5CE8C74EE91}.Debug|x64.ActiveCfg = Debug|Any CPU
		{3CD125C5-2097-45A3-A4AB-D5CE8C74EE91}.Debug|x64.Build.0 = Debug|Any CPU
		{3CD125C5-2097-45A3-A4AB-D5CE8C74EE91}.Debug|x86.ActiveCfg = Debug|Any CPU
		{3CD125C5-2097-45A3-A4AB-D5CE8C74EE91}.Debug|x86.Build.0 = Debug|Any CPU
		{3CD125C5-2097-45A3-A4AB-D5CE8C74EE91}.Release|Any CPU.ActiveCfg = Release|Any CPU
		{3CD125C5-2097-45A3-A4AB-D5CE8C74EE91}.Release|Any CPU.Build.0 = Release|Any CPU
		{3CD125C5-2097-45A3-A4AB-D5CE8C74EE91}.Release|x64.ActiveCfg = Release|Any CPU
		{3CD125C5-2097-45A3-A4AB-D5CE8C74EE91}.Release|x64.Build.0 = Release|Any CPU
		{3CD125C5-2097-45A3-A4AB-D5CE8C74EE91}.Release|x86.ActiveCfg = Release|Any CPU
		{3CD125C5-2097-45A3-A4AB-D5CE8C74EE91}.Release|x86.Build.0 = Release|Any CPU
		{9ADF5945-D314-4B34-8C9C-377736434DB5}.Debug|Any CPU.ActiveCfg = Debug|Any CPU
		{9ADF5945-D314-4B34-8C9C-377736434DB5}.Debug|Any CPU.Build.0 = Debug|Any CPU
		{9ADF5945-D314-4B34-8C9C-377736434DB5}.Debug|x64.ActiveCfg = Debug|Any CPU
		{9ADF5945-D314-4B34-8C9C-377736434DB5}.Debug|x64.Build.0 = Debug|Any CPU
		{9ADF5945-D314-4B34-8C9C-377736434DB5}.Debug|x86.ActiveCfg = Debug|Any CPU
		{9ADF5945-D314-4B34-8C9C-377736434DB5}.Debug|x86.Build.0 = Debug|Any CPU
		{9ADF5945-D314-4B34-8C9C-377736434DB5}.Release|Any CPU.ActiveCfg = Release|Any CPU
		{9ADF5945-D314-4B34-8C9C-377736434DB5}.Release|Any CPU.Build.0 = Release|Any CPU
		{9ADF5945-D314-4B34-8C9C-377736434DB5}.Release|x64.ActiveCfg = Release|Any CPU
		{9ADF5945-D314-4B34-8C9C-377736434DB5}.Release|x64.Build.0 = Release|Any CPU
		{9ADF5945-D314-4B34-8C9C-377736434DB5}.Release|x86.ActiveCfg = Release|Any CPU
		{9ADF5945-D314-4B34-8C9C-377736434DB5}.Release|x86.Build.0 = Release|Any CPU
		{9BEA3A72-6DEE-4717-9F90-D72874B06067}.Debug|Any CPU.ActiveCfg = Debug|Any CPU
		{9BEA3A72-6DEE-4717-9F90-D72874B06067}.Debug|Any CPU.Build.0 = Debug|Any CPU
		{9BEA3A72-6DEE-4717-9F90-D72874B06067}.Debug|x64.ActiveCfg = Debug|Any CPU
		{9BEA3A72-6DEE-4717-9F90-D72874B06067}.Debug|x64.Build.0 = Debug|Any CPU
		{9BEA3A72-6DEE-4717-9F90-D72874B06067}.Debug|x86.ActiveCfg = Debug|Any CPU
		{9BEA3A72-6DEE-4717-9F90-D72874B06067}.Debug|x86.Build.0 = Debug|Any CPU
		{9BEA3A72-6DEE-4717-9F90-D72874B06067}.Release|Any CPU.ActiveCfg = Release|Any CPU
		{9BEA3A72-6DEE-4717-9F90-D72874B06067}.Release|Any CPU.Build.0 = Release|Any CPU
		{9BEA3A72-6DEE-4717-9F90-D72874B06067}.Release|x64.ActiveCfg = Release|Any CPU
		{9BEA3A72-6DEE-4717-9F90-D72874B06067}.Release|x64.Build.0 = Release|Any CPU
		{9BEA3A72-6DEE-4717-9F90-D72874B06067}.Release|x86.ActiveCfg = Release|Any CPU
		{9BEA3A72-6DEE-4717-9F90-D72874B06067}.Release|x86.Build.0 = Release|Any CPU
		{8AF6F79B-2679-4A06-B8E0-6F5291E7E878}.Debug|Any CPU.ActiveCfg = Debug|Any CPU
		{8AF6F79B-2679-4A06-B8E0-6F5291E7E878}.Debug|Any CPU.Build.0 = Debug|Any CPU
		{8AF6F79B-2679-4A06-B8E0-6F5291E7E878}.Debug|x64.ActiveCfg = Debug|Any CPU
		{8AF6F79B-2679-4A06-B8E0-6F5291E7E878}.Debug|x64.Build.0 = Debug|Any CPU
		{8AF6F79B-2679-4A06-B8E0-6F5291E7E878}.Debug|x86.ActiveCfg = Debug|Any CPU
		{8AF6F79B-2679-4A06-B8E0-6F5291E7E878}.Debug|x86.Build.0 = Debug|Any CPU
		{8AF6F79B-2679-4A06-B8E0-6F5291E7E878}.Release|Any CPU.ActiveCfg = Release|Any CPU
		{8AF6F79B-2679-4A06-B8E0-6F5291E7E878}.Release|Any CPU.Build.0 = Release|Any CPU
		{8AF6F79B-2679-4A06-B8E0-6F5291E7E878}.Release|x64.ActiveCfg = Release|Any CPU
		{8AF6F79B-2679-4A06-B8E0-6F5291E7E878}.Release|x64.Build.0 = Release|Any CPU
		{8AF6F79B-2679-4A06-B8E0-6F5291E7E878}.Release|x86.ActiveCfg = Release|Any CPU
		{8AF6F79B-2679-4A06-B8E0-6F5291E7E878}.Release|x86.Build.0 = Release|Any CPU
		{8A7F9105-D730-4A29-BEAD-F659ED0FB128}.Debug|Any CPU.ActiveCfg = Debug|Any CPU
		{8A7F9105-D730-4A29-BEAD-F659ED0FB128}.Debug|Any CPU.Build.0 = Debug|Any CPU
		{8A7F9105-D730-4A29-BEAD-F659ED0FB128}.Debug|x64.ActiveCfg = Debug|Any CPU
		{8A7F9105-D730-4A29-BEAD-F659ED0FB128}.Debug|x64.Build.0 = Debug|Any CPU
		{8A7F9105-D730-4A29-BEAD-F659ED0FB128}.Debug|x86.ActiveCfg = Debug|Any CPU
		{8A7F9105-D730-4A29-BEAD-F659ED0FB128}.Debug|x86.Build.0 = Debug|Any CPU
		{8A7F9105-D730-4A29-BEAD-F659ED0FB128}.Release|Any CPU.ActiveCfg = Release|Any CPU
		{8A7F9105-D730-4A29-BEAD-F659ED0FB128}.Release|Any CPU.Build.0 = Release|Any CPU
		{8A7F9105-D730-4A29-BEAD-F659ED0FB128}.Release|x64.ActiveCfg = Release|Any CPU
		{8A7F9105-D730-4A29-BEAD-F659ED0FB128}.Release|x64.Build.0 = Release|Any CPU
		{8A7F9105-D730-4A29-BEAD-F659ED0FB128}.Release|x86.ActiveCfg = Release|Any CPU
		{8A7F9105-D730-4A29-BEAD-F659ED0FB128}.Release|x86.Build.0 = Release|Any CPU
		{5CFE496B-13F8-4CB8-8AFB-19DA73E3DE7C}.Debug|Any CPU.ActiveCfg = Debug|Any CPU
		{5CFE496B-13F8-4CB8-8AFB-19DA73E3DE7C}.Debug|Any CPU.Build.0 = Debug|Any CPU
		{5CFE496B-13F8-4CB8-8AFB-19DA73E3DE7C}.Debug|x64.ActiveCfg = Debug|Any CPU
		{5CFE496B-13F8-4CB8-8AFB-19DA73E3DE7C}.Debug|x64.Build.0 = Debug|Any CPU
		{5CFE496B-13F8-4CB8-8AFB-19DA73E3DE7C}.Debug|x86.ActiveCfg = Debug|Any CPU
		{5CFE496B-13F8-4CB8-8AFB-19DA73E3DE7C}.Debug|x86.Build.0 = Debug|Any CPU
		{5CFE496B-13F8-4CB8-8AFB-19DA73E3DE7C}.Release|Any CPU.ActiveCfg = Release|Any CPU
		{5CFE496B-13F8-4CB8-8AFB-19DA73E3DE7C}.Release|Any CPU.Build.0 = Release|Any CPU
		{5CFE496B-13F8-4CB8-8AFB-19DA73E3DE7C}.Release|x64.ActiveCfg = Release|Any CPU
		{5CFE496B-13F8-4CB8-8AFB-19DA73E3DE7C}.Release|x64.Build.0 = Release|Any CPU
		{5CFE496B-13F8-4CB8-8AFB-19DA73E3DE7C}.Release|x86.ActiveCfg = Release|Any CPU
		{5CFE496B-13F8-4CB8-8AFB-19DA73E3DE7C}.Release|x86.Build.0 = Release|Any CPU
		{7890C7E5-1F72-4D85-979B-95800D05092A}.Debug|Any CPU.ActiveCfg = Debug|Any CPU
		{7890C7E5-1F72-4D85-979B-95800D05092A}.Debug|Any CPU.Build.0 = Debug|Any CPU
		{7890C7E5-1F72-4D85-979B-95800D05092A}.Debug|x64.ActiveCfg = Debug|Any CPU
		{7890C7E5-1F72-4D85-979B-95800D05092A}.Debug|x64.Build.0 = Debug|Any CPU
		{7890C7E5-1F72-4D85-979B-95800D05092A}.Debug|x86.ActiveCfg = Debug|Any CPU
		{7890C7E5-1F72-4D85-979B-95800D05092A}.Debug|x86.Build.0 = Debug|Any CPU
		{7890C7E5-1F72-4D85-979B-95800D05092A}.Release|Any CPU.ActiveCfg = Release|Any CPU
		{7890C7E5-1F72-4D85-979B-95800D05092A}.Release|Any CPU.Build.0 = Release|Any CPU
		{7890C7E5-1F72-4D85-979B-95800D05092A}.Release|x64.ActiveCfg = Release|Any CPU
		{7890C7E5-1F72-4D85-979B-95800D05092A}.Release|x64.Build.0 = Release|Any CPU
		{7890C7E5-1F72-4D85-979B-95800D05092A}.Release|x86.ActiveCfg = Release|Any CPU
		{7890C7E5-1F72-4D85-979B-95800D05092A}.Release|x86.Build.0 = Release|Any CPU
		{51370F8A-6F72-4E6B-A678-70401F3E8865}.Debug|Any CPU.ActiveCfg = Debug|Any CPU
		{51370F8A-6F72-4E6B-A678-70401F3E8865}.Debug|Any CPU.Build.0 = Debug|Any CPU
		{51370F8A-6F72-4E6B-A678-70401F3E8865}.Debug|x64.ActiveCfg = Debug|Any CPU
		{51370F8A-6F72-4E6B-A678-70401F3E8865}.Debug|x64.Build.0 = Debug|Any CPU
		{51370F8A-6F72-4E6B-A678-70401F3E8865}.Debug|x86.ActiveCfg = Debug|Any CPU
		{51370F8A-6F72-4E6B-A678-70401F3E8865}.Debug|x86.Build.0 = Debug|Any CPU
		{51370F8A-6F72-4E6B-A678-70401F3E8865}.Release|Any CPU.ActiveCfg = Release|Any CPU
		{51370F8A-6F72-4E6B-A678-70401F3E8865}.Release|Any CPU.Build.0 = Release|Any CPU
		{51370F8A-6F72-4E6B-A678-70401F3E8865}.Release|x64.ActiveCfg = Release|Any CPU
		{51370F8A-6F72-4E6B-A678-70401F3E8865}.Release|x64.Build.0 = Release|Any CPU
		{51370F8A-6F72-4E6B-A678-70401F3E8865}.Release|x86.ActiveCfg = Release|Any CPU
		{51370F8A-6F72-4E6B-A678-70401F3E8865}.Release|x86.Build.0 = Release|Any CPU
		{33E61D16-9F71-4FFF-A708-E9696B489F80}.Debug|Any CPU.ActiveCfg = Debug|Any CPU
		{33E61D16-9F71-4FFF-A708-E9696B489F80}.Debug|Any CPU.Build.0 = Debug|Any CPU
		{33E61D16-9F71-4FFF-A708-E9696B489F80}.Debug|x64.ActiveCfg = Debug|Any CPU
		{33E61D16-9F71-4FFF-A708-E9696B489F80}.Debug|x64.Build.0 = Debug|Any CPU
		{33E61D16-9F71-4FFF-A708-E9696B489F80}.Debug|x86.ActiveCfg = Debug|Any CPU
		{33E61D16-9F71-4FFF-A708-E9696B489F80}.Debug|x86.Build.0 = Debug|Any CPU
		{33E61D16-9F71-4FFF-A708-E9696B489F80}.Release|Any CPU.ActiveCfg = Release|Any CPU
		{33E61D16-9F71-4FFF-A708-E9696B489F80}.Release|Any CPU.Build.0 = Release|Any CPU
		{33E61D16-9F71-4FFF-A708-E9696B489F80}.Release|x64.ActiveCfg = Release|Any CPU
		{33E61D16-9F71-4FFF-A708-E9696B489F80}.Release|x64.Build.0 = Release|Any CPU
		{33E61D16-9F71-4FFF-A708-E9696B489F80}.Release|x86.ActiveCfg = Release|Any CPU
		{33E61D16-9F71-4FFF-A708-E9696B489F80}.Release|x86.Build.0 = Release|Any CPU
		{009A6E3F-EF18-4FE5-A91E-339A396FCD92}.Debug|Any CPU.ActiveCfg = Debug|Any CPU
		{009A6E3F-EF18-4FE5-A91E-339A396FCD92}.Debug|Any CPU.Build.0 = Debug|Any CPU
		{009A6E3F-EF18-4FE5-A91E-339A396FCD92}.Debug|x64.ActiveCfg = Debug|Any CPU
		{009A6E3F-EF18-4FE5-A91E-339A396FCD92}.Debug|x64.Build.0 = Debug|Any CPU
		{009A6E3F-EF18-4FE5-A91E-339A396FCD92}.Debug|x86.ActiveCfg = Debug|Any CPU
		{009A6E3F-EF18-4FE5-A91E-339A396FCD92}.Debug|x86.Build.0 = Debug|Any CPU
		{009A6E3F-EF18-4FE5-A91E-339A396FCD92}.Release|Any CPU.ActiveCfg = Release|Any CPU
		{009A6E3F-EF18-4FE5-A91E-339A396FCD92}.Release|Any CPU.Build.0 = Release|Any CPU
		{009A6E3F-EF18-4FE5-A91E-339A396FCD92}.Release|x64.ActiveCfg = Release|Any CPU
		{009A6E3F-EF18-4FE5-A91E-339A396FCD92}.Release|x64.Build.0 = Release|Any CPU
		{009A6E3F-EF18-4FE5-A91E-339A396FCD92}.Release|x86.ActiveCfg = Release|Any CPU
		{009A6E3F-EF18-4FE5-A91E-339A396FCD92}.Release|x86.Build.0 = Release|Any CPU
		{EC52570F-8914-45F5-B813-312A202A6BD6}.Debug|Any CPU.ActiveCfg = Debug|Any CPU
		{EC52570F-8914-45F5-B813-312A202A6BD6}.Debug|Any CPU.Build.0 = Debug|Any CPU
		{EC52570F-8914-45F5-B813-312A202A6BD6}.Debug|x64.ActiveCfg = Debug|Any CPU
		{EC52570F-8914-45F5-B813-312A202A6BD6}.Debug|x64.Build.0 = Debug|Any CPU
		{EC52570F-8914-45F5-B813-312A202A6BD6}.Debug|x86.ActiveCfg = Debug|Any CPU
		{EC52570F-8914-45F5-B813-312A202A6BD6}.Debug|x86.Build.0 = Debug|Any CPU
		{EC52570F-8914-45F5-B813-312A202A6BD6}.Release|Any CPU.ActiveCfg = Release|Any CPU
		{EC52570F-8914-45F5-B813-312A202A6BD6}.Release|Any CPU.Build.0 = Release|Any CPU
		{EC52570F-8914-45F5-B813-312A202A6BD6}.Release|x64.ActiveCfg = Release|Any CPU
		{EC52570F-8914-45F5-B813-312A202A6BD6}.Release|x64.Build.0 = Release|Any CPU
		{EC52570F-8914-45F5-B813-312A202A6BD6}.Release|x86.ActiveCfg = Release|Any CPU
		{EC52570F-8914-45F5-B813-312A202A6BD6}.Release|x86.Build.0 = Release|Any CPU
		{4448F981-8687-4C5C-AFD0-899DB2D4E757}.Debug|Any CPU.ActiveCfg = Debug|Any CPU
		{4448F981-8687-4C5C-AFD0-899DB2D4E757}.Debug|Any CPU.Build.0 = Debug|Any CPU
		{4448F981-8687-4C5C-AFD0-899DB2D4E757}.Debug|x64.ActiveCfg = Debug|Any CPU
		{4448F981-8687-4C5C-AFD0-899DB2D4E757}.Debug|x64.Build.0 = Debug|Any CPU
		{4448F981-8687-4C5C-AFD0-899DB2D4E757}.Debug|x86.ActiveCfg = Debug|Any CPU
		{4448F981-8687-4C5C-AFD0-899DB2D4E757}.Debug|x86.Build.0 = Debug|Any CPU
		{4448F981-8687-4C5C-AFD0-899DB2D4E757}.Release|Any CPU.ActiveCfg = Release|Any CPU
		{4448F981-8687-4C5C-AFD0-899DB2D4E757}.Release|Any CPU.Build.0 = Release|Any CPU
		{4448F981-8687-4C5C-AFD0-899DB2D4E757}.Release|x64.ActiveCfg = Release|Any CPU
		{4448F981-8687-4C5C-AFD0-899DB2D4E757}.Release|x64.Build.0 = Release|Any CPU
		{4448F981-8687-4C5C-AFD0-899DB2D4E757}.Release|x86.ActiveCfg = Release|Any CPU
		{4448F981-8687-4C5C-AFD0-899DB2D4E757}.Release|x86.Build.0 = Release|Any CPU
		{89D18924-00D1-48F6-A4E2-385270274B8E}.Debug|Any CPU.ActiveCfg = Debug|Any CPU
		{89D18924-00D1-48F6-A4E2-385270274B8E}.Debug|Any CPU.Build.0 = Debug|Any CPU
		{89D18924-00D1-48F6-A4E2-385270274B8E}.Debug|x64.ActiveCfg = Debug|Any CPU
		{89D18924-00D1-48F6-A4E2-385270274B8E}.Debug|x64.Build.0 = Debug|Any CPU
		{89D18924-00D1-48F6-A4E2-385270274B8E}.Debug|x86.ActiveCfg = Debug|Any CPU
		{89D18924-00D1-48F6-A4E2-385270274B8E}.Debug|x86.Build.0 = Debug|Any CPU
		{89D18924-00D1-48F6-A4E2-385270274B8E}.Release|Any CPU.ActiveCfg = Release|Any CPU
		{89D18924-00D1-48F6-A4E2-385270274B8E}.Release|Any CPU.Build.0 = Release|Any CPU
		{89D18924-00D1-48F6-A4E2-385270274B8E}.Release|x64.ActiveCfg = Release|Any CPU
		{89D18924-00D1-48F6-A4E2-385270274B8E}.Release|x64.Build.0 = Release|Any CPU
		{89D18924-00D1-48F6-A4E2-385270274B8E}.Release|x86.ActiveCfg = Release|Any CPU
		{89D18924-00D1-48F6-A4E2-385270274B8E}.Release|x86.Build.0 = Release|Any CPU
		{949A520E-4457-4077-802F-59EEAB44EDEF}.Debug|Any CPU.ActiveCfg = Debug|Any CPU
		{949A520E-4457-4077-802F-59EEAB44EDEF}.Debug|Any CPU.Build.0 = Debug|Any CPU
		{949A520E-4457-4077-802F-59EEAB44EDEF}.Debug|x64.ActiveCfg = Debug|Any CPU
		{949A520E-4457-4077-802F-59EEAB44EDEF}.Debug|x64.Build.0 = Debug|Any CPU
		{949A520E-4457-4077-802F-59EEAB44EDEF}.Debug|x86.ActiveCfg = Debug|Any CPU
		{949A520E-4457-4077-802F-59EEAB44EDEF}.Debug|x86.Build.0 = Debug|Any CPU
		{949A520E-4457-4077-802F-59EEAB44EDEF}.Release|Any CPU.ActiveCfg = Release|Any CPU
		{949A520E-4457-4077-802F-59EEAB44EDEF}.Release|Any CPU.Build.0 = Release|Any CPU
		{949A520E-4457-4077-802F-59EEAB44EDEF}.Release|x64.ActiveCfg = Release|Any CPU
		{949A520E-4457-4077-802F-59EEAB44EDEF}.Release|x64.Build.0 = Release|Any CPU
		{949A520E-4457-4077-802F-59EEAB44EDEF}.Release|x86.ActiveCfg = Release|Any CPU
		{949A520E-4457-4077-802F-59EEAB44EDEF}.Release|x86.Build.0 = Release|Any CPU
	EndGlobalSection
	GlobalSection(SolutionProperties) = preSolution
		HideSolutionNode = FALSE
	EndGlobalSection
	GlobalSection(ExtensibilityGlobals) = postSolution
		SolutionGuid = {0052ED69-2FDD-44A4-815D-5D1154C0CA25}
	EndGlobalSection
EndGlobal
