
Microsoft Visual Studio Solution File, Format Version 12.00
# Visual Studio Version 16
VisualStudioVersion = 16.0.31515.178
MinimumVisualStudioVersion = 10.0.40219.1
Project("{FAE04EC0-301F-11D3-BF4B-00C04F79EFBC}") = "ZipArchiveNormalizer", "ZipArchiveNormalizer\ZipArchiveNormalizer.csproj", "{07435AB7-A490-4814-8D67-B349344725F7}"
EndProject
Global
	GlobalSection(SolutionConfigurationPlatforms) = preSolution
		Debug|Any CPU = Debug|Any CPU
		Release|Any CPU = Release|Any CPU
	EndGlobalSection
	GlobalSection(ProjectConfigurationPlatforms) = postSolution
		{07435AB7-A490-4814-8D67-B349344725F7}.Debug|Any CPU.ActiveCfg = Debug|Any CPU
		{07435AB7-A490-4814-8D67-B349344725F7}.Debug|Any CPU.Build.0 = Debug|Any CPU
		{07435AB7-A490-4814-8D67-B349344725F7}.Release|Any CPU.ActiveCfg = Release|Any CPU
		{07435AB7-A490-4814-8D67-B349344725F7}.Release|Any CPU.Build.0 = Release|Any CPU
	EndGlobalSection
	GlobalSection(SolutionProperties) = preSolution
		HideSolutionNode = FALSE
	EndGlobalSection
	GlobalSection(ExtensibilityGlobals) = postSolution
		SolutionGuid = {0052ED69-2FDD-44A4-815D-5D1154C0CA25}
	EndGlobalSection
EndGlobal
